
Microsoft Visual Studio Solution File, Format Version 12.00
Project("{FAE04EC0-301F-11D3-BF4B-00C04F79EFBC}") = "Gruzd_8", "Gruzd_8\Gruzd_8.csproj", "{4534D5C7-0DA9-468C-9920-AE85458F8225}"
EndProject
Global
	GlobalSection(SolutionConfigurationPlatforms) = preSolution
		Debug|Any CPU = Debug|Any CPU
		Release|Any CPU = Release|Any CPU
	EndGlobalSection
	GlobalSection(ProjectConfigurationPlatforms) = postSolution
		{4534D5C7-0DA9-468C-9920-AE85458F8225}.Debug|Any CPU.ActiveCfg = Debug|Any CPU
		{4534D5C7-0DA9-468C-9920-AE85458F8225}.Debug|Any CPU.Build.0 = Debug|Any CPU
		{4534D5C7-0DA9-468C-9920-AE85458F8225}.Release|Any CPU.ActiveCfg = Release|Any CPU
		{4534D5C7-0DA9-468C-9920-AE85458F8225}.Release|Any CPU.Build.0 = Release|Any CPU
	EndGlobalSection
EndGlobal
